Microsoft Visual Studio Solution File, Format Version 12.00
# Visual Studio Version 17
VisualStudioVersion = 17.5.2.0
MinimumVisualStudioVersion = 10.0.40219.1
Project("{FAE04EC0-301F-11D3-BF4B-00C04F79EFBC}") = "PeopleApi", "PeopleApi\PeopleApi.csproj", "{5192027F-B82C-CE2B-0B7C-2D32778C9512}"
EndProject
Project("{FAE04EC0-301F-11D3-BF4B-00C04F79EFBC}") = "PeopleApi.Tests", "PeopleApi.Tests\PeopleApi.Tests.csproj", "{6A386421-AD64-48DD-B679-B67B9F289B3F}"
	ProjectSection(ProjectDependencies) = postProject
		{5192027F-B82C-CE2B-0B7C-2D32778C9512} = {5192027F-B82C-CE2B-0B7C-2D32778C9512}
	EndProjectSection
EndProject
Global
	GlobalSection(SolutionConfigurationPlatforms) = preSolution
		Debug|Any CPU = Debug|Any CPU
		Release|Any CPU = Release|Any CPU
	EndGlobalSection
	GlobalSection(ProjectConfigurationPlatforms) = postSolution
		{5192027F-B82C-CE2B-0B7C-2D32778C9512}.Debug|Any CPU.ActiveCfg = Debug|Any CPU
		{5192027F-B82C-CE2B-0B7C-2D32778C9512}.Debug|Any CPU.Build.0 = Debug|Any CPU
		{5192027F-B82C-CE2B-0B7C-2D32778C9512}.Release|Any CPU.ActiveCfg = Release|Any CPU
		{5192027F-B82C-CE2B-0B7C-2D32778C9512}.Release|Any CPU.Build.0 = Release|Any CPU
		{6A386421-AD64-48DD-B679-B67B9F289B3F}.Debug|Any CPU.ActiveCfg = Debug|Any CPU
		{6A386421-AD64-48DD-B679-B67B9F289B3F}.Debug|Any CPU.Build.0 = Debug|Any CPU
		{6A386421-AD64-48DD-B679-B67B9F289B3F}.Release|Any CPU.ActiveCfg = Release|Any CPU
		{6A386421-AD64-48DD-B679-B67B9F289B3F}.Release|Any CPU.Build.0 = Release|Any CPU
	EndGlobalSection
	GlobalSection(SolutionProperties) = preSolution
		HideSolutionNode = FALSE
	EndGlobalSection
	GlobalSection(ExtensibilityGlobals) = postSolution
		SolutionGuid = {9E4979B0-72F9-4F7F-AE88-5D6A0CCB28BF}
	EndGlobalSection
EndGlobal
